[[package]]
name = "appdirs"
version = "1.4.4"
description = "A small Python module for determining appropriate platform-specific dirs, e.g. a \"user data dir\"."
category = "main"
optional = false
python-versions = "*"

[[package]]
name = "asgiref"
version = "3.5.2"
description = "ASGI specs, helper code, and adapters"
category = "main"
optional = false
python-versions = ">=3.7"

[package.extras]
tests = ["pytest", "pytest-asyncio", "mypy (>=0.800)"]

[[package]]
name = "atomicwrites"
version = "1.4.1"
description = "Atomic file writes."
category = "dev"
optional = false
python-versions = ">=2.7, !=3.0.*, !=3.1.*, !=3.2.*, !=3.3.*"

[[package]]
name = "attrs"
version = "21.4.0"
description = "Classes Without Boilerplate"
category = "dev"
optional = false
python-versions = ">=2.7, !=3.0.*, !=3.1.*, !=3.2.*, !=3.3.*, !=3.4.*"

[package.extras]
dev = ["coverage[toml] (>=5.0.2)", "hypothesis", "pympler", "pytest (>=4.3.0)", "six", "mypy", "pytest-mypy-plugins", "zope.interface", "furo", "sphinx", "sphinx-notfound-page", "pre-commit", "cloudpickle"]
docs = ["furo", "sphinx", "zope.interface", "sphinx-notfound-page"]
tests = ["coverage[toml] (>=5.0.2)", "hypothesis", "pympler", "pytest (>=4.3.0)", "six", "mypy", "pytest-mypy-plugins", "zope.interface", "cloudpickle"]
tests_no_zope = ["coverage[toml] (>=5.0.2)", "hypothesis", "pympler", "pytest (>=4.3.0)", "six", "mypy", "pytest-mypy-plugins", "cloudpickle"]

[[package]]
name = "blinker"
version = "1.5"
description = "Fast, simple object-to-object and broadcast signaling"
category = "dev"
optional = false
python-versions = ">=2.7, !=3.0.*, !=3.1.*, !=3.2.*, !=3.3.*, !=3.4.*"

[[package]]
name = "colorama"
version = "0.4.5"
description = "Cross-platform colored terminal text."
category = "dev"
optional = false
python-versions = ">=2.7, !=3.0.*, !=3.1.*, !=3.2.*, !=3.3.*, !=3.4.*"

[[package]]
name = "django"
version = "4.0.6"
description = "A high-level Python web framework that encourages rapid development and clean, pragmatic design."
category = "main"
optional = false
python-versions = ">=3.8"

[package.dependencies]
asgiref = ">=3.4.1,<4"
sqlparse = ">=0.2.2"
tzdata = {version = "*", markers = "sys_platform == \"win32\""}

[package.extras]
argon2 = ["argon2-cffi (>=19.1.0)"]
bcrypt = ["bcrypt"]

[[package]]
name = "django-axes"
version = "5.36.0"
description = "Keep track of failed login attempts in Django-powered sites."
category = "main"
optional = false
python-versions = ">=3.7"

[package.dependencies]
django = ">=3.2"
django-ipware = ">=3"

[[package]]
name = "django-csp"
version = "3.7"
description = "Django Content Security Policy support."
category = "main"
optional = false
python-versions = "*"

[package.dependencies]
Django = ">=1.8"

[package.extras]
jinja2 = ["jinja2 (>=2.9.6)"]
tests = ["pytest (<4.0)", "pytest-django", "pytest-flakes (==1.0.1)", "pytest-pep8 (==1.0.6)", "pep8 (==1.4.6)", "mock (==1.0.1)", "six (==1.12.0)", "jinja2 (>=2.9.6)"]

[[package]]
name = "django-debug-toolbar"
version = "3.5.0"
description = "A configurable set of panels that display various debug information about the current request/response."
category = "dev"
optional = false
python-versions = ">=3.7"

[package.dependencies]
Django = ">=3.2"
sqlparse = ">=0.2.0"

[[package]]
name = "django-extra-checks"
version = "0.11.0"
description = "Collection of useful checks for Django Checks Framework"
category = "dev"
optional = false
python-versions = ">=3.6"

[package.extras]
dev = ["pytest (>=6,<7)", "pytest-cov (>=2,<3)", "pytest-django (>=4,<5)", "Django (>=3.1,<3.2)", "djangorestframework (>=3.12)", "django-stubs (==1.7.0)", "djangorestframework-stubs (==1.3.0)", "flake8 (==3.8.0)", "flake8-bugbear (==20.11.1)", "pre-commit (==2.9.3)", "isort (>=5,<6)", "pdbpp", "tox (>=3,<4)", "black (==20.8b1)"]

[[package]]
name = "django-health-check"
version = "3.16.5"
description = "Run checks on services like databases, queue servers, celery processes, etc."
category = "main"
optional = false
python-versions = "*"

[package.dependencies]
django = ">=2.2"

[[package]]
name = "django-http-referrer-policy"
version = "1.1.1"
description = "django-http-referrer-policy provides a middleware class implementing the Referrer-Policy header for Django-powered sites."
category = "main"
optional = false
python-versions = ">=3.5.0"

[package.dependencies]
Django = ">=1.11"

[[package]]
name = "django-ipware"
version = "4.0.2"
description = "A Django application to retrieve user's IP address"
category = "main"
optional = false
python-versions = ">=2.7, !=3.0.*, !=3.1.*, !=3.2.*, !=3.3.*, !=3.4.*, !=3.5.*"

[[package]]
name = "django-migration-linter"
version = "4.1.0"
description = "Detect backward incompatible migrations for your django project"
category = "main"
optional = false
python-versions = "*"

[package.dependencies]
appdirs = ">=1.4.3"
django = ">=2.2"
toml = ">=0.10.2"

[package.extras]
test = ["tox (>=3.15.2)", "mysqlclient (>=1.4.6,<2)", "psycopg2-binary (>=2.8.5,<2.9)", "django-add-default-value (>=0.4.0)", "coverage (>=5.5)"]

[[package]]
name = "django-permissions-policy"
version = "4.12.0"
description = "Set the draft security HTTP header Permissions-Policy (previously Feature-Policy) on your Django app."
category = "main"
optional = false
python-versions = ">=3.7"

[package.dependencies]
Django = ">=3.2"

[[package]]
name = "django-querycount"
version = "0.7.0"
description = "Middleware that Prints the number of DB queries to the runserver console."
category = "dev"
optional = false
python-versions = "*"

[[package]]
name = "django-split-settings"
version = "1.1.0"
description = "Organize Django settings into multiple files and directories. Easily override and modify settings. Use wildcards and optional settings files."
category = "main"
optional = false
python-versions = ">=3.6,<4.0"

[[package]]
name = "django-test-migrations"
version = "1.2.0"
description = "Test django schema and data migrations, including ordering"
category = "dev"
optional = false
python-versions = ">=3.6,<4.0"

[package.dependencies]
typing_extensions = ">=3.6,<5"

[[package]]
name = "gunicorn"
version = "20.1.0"
description = "WSGI HTTP Server for UNIX"
category = "main"
optional = false
python-versions = ">=3.5"

[package.extras]
eventlet = ["eventlet (>=0.24.1)"]
gevent = ["gevent (>=1.4.0)"]
setproctitle = ["setproctitle"]
tornado = ["tornado (>=0.2)"]

[[package]]
name = "iniconfig"
version = "1.1.1"
description = "iniconfig: brain-dead simple config-ini parsing"
category = "dev"
optional = false
python-versions = "*"

[[package]]
name = "mypy"
version = "0.961"
description = "Optional static typing for Python"
category = "dev"
optional = false
python-versions = ">=3.6"

[package.dependencies]
mypy-extensions = ">=0.4.3"
tomli = {version = ">=1.1.0", markers = "python_version < \"3.11\""}
typing-extensions = ">=3.10"

[package.extras]
dmypy = ["psutil (>=4.0)"]
python2 = ["typed-ast (>=1.4.0,<2)"]
reports = ["lxml"]

[[package]]
name = "mypy-extensions"
version = "0.4.3"
description = "Experimental type system extensions for programs checked with the mypy typechecker."
category = "dev"
optional = false
python-versions = "*"

[[package]]
name = "nplusone"
version = "1.0.0"
description = "Detecting the n+1 queries problem in Python"
category = "dev"
optional = false
python-versions = "*"

[package.dependencies]
blinker = ">=1.3"
six = ">=1.9.0"

[[package]]
name = "packaging"
version = "21.3"
description = "Core utilities for Python packages"
category = "dev"
optional = false
python-versions = ">=3.6"

[package.dependencies]
pyparsing = ">=2.0.2,<3.0.5 || >3.0.5"

[[package]]
name = "pluggy"
version = "1.0.0"
description = "plugin and hook calling mechanisms for python"
category = "dev"
optional = false
python-versions = ">=3.6"

[package.extras]
testing = ["pytest-benchmark", "pytest"]
dev = ["tox", "pre-commit"]

[[package]]
name = "psycopg2"
version = "2.9.3"
description = "psycopg2 - Python-PostgreSQL Database Adapter"
category = "main"
optional = false
python-versions = ">=3.6"

[[package]]
name = "py"
version = "1.11.0"
description = "library with cross-python path, ini-parsing, io, code, log facilities"
category = "dev"
optional = false
python-versions = ">=2.7, !=3.0.*, !=3.1.*, !=3.2.*, !=3.3.*, !=3.4.*"

[[package]]
name = "pyparsing"
version = "3.0.9"
description = "pyparsing module - Classes and methods to define and execute parsing grammars"
category = "dev"
optional = false
python-versions = ">=3.6.8"

[package.extras]
diagrams = ["railroad-diagrams", "jinja2"]

[[package]]
name = "pytest"
version = "7.1.2"
description = "pytest: simple powerful testing with Python"
category = "dev"
optional = false
python-versions = ">=3.7"

[package.dependencies]
atomicwrites = {version = ">=1.0", markers = "sys_platform == \"win32\""}
attrs = ">=19.2.0"
colorama = {version = "*", markers = "sys_platform == \"win32\""}
iniconfig = "*"
packaging = "*"
pluggy = ">=0.12,<2.0"
py = ">=1.8.2"
tomli = ">=1.0.0"

[package.extras]
testing = ["argcomplete", "hypothesis (>=3.56)", "mock", "nose", "pygments (>=2.7.2)", "requests", "xmlschema"]

[[package]]
name = "pytest-django"
version = "4.5.2"
description = "A Django plugin for pytest."
category = "dev"
optional = false
python-versions = ">=3.5"

[package.dependencies]
pytest = ">=5.4.0"

[package.extras]
docs = ["sphinx", "sphinx-rtd-theme"]
testing = ["django", "django-configurations (>=2.0)"]

[[package]]
name = "python-decouple"
version = "3.6"
description = "Strict separation of settings from code."
category = "main"
optional = false
python-versions = "*"

[[package]]
name = "six"
version = "1.16.0"
description = "Python 2 and 3 compatibility utilities"
category = "dev"
optional = false
python-versions = ">=2.7, !=3.0.*, !=3.1.*, !=3.2.*"

[[package]]
name = "sqlparse"
version = "0.4.2"
description = "A non-validating SQL parser."
category = "main"
optional = false
python-versions = ">=3.5"

[[package]]
name = "structlog"
version = "21.5.0"
description = "Structured Logging for Python"
category = "main"
optional = false
python-versions = ">=3.6"

[package.extras]
dev = ["pre-commit", "rich", "cogapp", "tomli", "coverage", "freezegun (>=0.2.8)", "pretend", "pytest-asyncio", "pytest (>=6.0)", "simplejson", "furo", "sphinx", "sphinx-notfound-page", "sphinxcontrib-mermaid", "twisted"]
docs = ["furo", "sphinx", "sphinx-notfound-page", "sphinxcontrib-mermaid", "twisted"]
tests = ["coverage", "freezegun (>=0.2.8)", "pretend", "pytest-asyncio", "pytest (>=6.0)", "simplejson"]

[[package]]
name = "toml"
version = "0.10.2"
description = "Python Library for Tom's Obvious, Minimal Language"
category = "main"
optional = false
python-versions = ">=2.6, !=3.0.*, !=3.1.*, !=3.2.*"

[[package]]
name = "tomli"
version = "2.0.1"
description = "A lil' TOML parser"
category = "dev"
optional = false
python-versions = ">=3.7"

[[package]]
name = "typing-extensions"
version = "4.3.0"
description = "Backported and Experimental Type Hints for Python 3.7+"
category = "dev"
optional = false
python-versions = ">=3.7"

[[package]]
name = "tzdata"
version = "2022.1"
description = "Provider of IANA time zone data"
category = "main"
optional = false
python-versions = ">=2"

[metadata]
lock-version = "1.1"
python-versions = "^3.10.4"
content-hash = "183d3cb3c6a402d678198e1d631d7f0e42893d737d19d40a053b2acde43934f4"

[metadata.files]
appdirs = [
    {file = "appdirs-1.4.4-py2.py3-none-any.whl", hash = "sha256:a841dacd6b99318a741b166adb07e19ee71a274450e68237b4650ca1055ab128"},
    {file = "appdirs-1.4.4.tar.gz", hash = "sha256:7d5d0167b2b1ba821647616af46a749d1c653740dd0d2415100fe26e27afdf41"},
]
asgiref = []
atomicwrites = [
    {file = "atomicwrites-1.4.1.tar.gz", hash = "sha256:81b2c9071a49367a7f770170e5eec8cb66567cfbbc8c73d20ce5ca4a8d71cf11"},
]
attrs = [
    {file = "attrs-21.4.0-py2.py3-none-any.whl", hash = "sha256:2d27e3784d7a565d36ab851fe94887c5eccd6a463168875832a1be79c82828b4"},
    {file = "attrs-21.4.0.tar.gz", hash = "sha256:626ba8234211db98e869df76230a137c4c40a12d72445c45d5f5b716f076e2fd"},
]
blinker = [
    {file = "blinker-1.5-py2.py3-none-any.whl", hash = "sha256:1eb563df6fdbc39eeddc177d953203f99f097e9bf0e2b8f9f3cf18b6ca425e36"},
    {file = "blinker-1.5.tar.gz", hash = "sha256:923e5e2f69c155f2cc42dafbbd70e16e3fde24d2d4aa2ab72fbe386238892462"},
]
colorama = [
    {file = "colorama-0.4.5-py2.py3-none-any.whl", hash = "sha256:854bf444933e37f5824ae7bfc1e98d5bce2ebe4160d46b5edf346a89358e99da"},
    {file = "colorama-0.4.5.tar.gz", hash = "sha256:e6c6b4334fc50988a639d9b98aa429a0b57da6e17b9a44f0451f930b6967b7a4"},
]
django = []
django-axes = [
    {file = "django-axes-5.36.0.tar.gz", hash = "sha256:bac08a7047fde26ffb54813c971fd40eeadb4ecb8d342a6e47d53de666d1a792"},
    {file = "django_axes-5.36.0-py3-none-any.whl", hash = "sha256:466e6ed1affd0866c78f245ee658d2619f74250aca5856852d86e61dba400eda"},
]
django-csp = [
    {file = "django_csp-3.7-py2.py3-none-any.whl", hash = "sha256:01443a07723f9a479d498bd7bb63571aaa771e690f64bde515db6cdb76e8041a"},
    {file = "django_csp-3.7.tar.gz", hash = "sha256:01eda02ad3f10261c74131cdc0b5a6a62b7c7ad4fd017fbefb7a14776e0a9727"},
]
django-debug-toolbar = [
    {file = "django-debug-toolbar-3.5.0.tar.gz", hash = "sha256:97965f2630692de316ea0c1ca5bfa81660d7ba13146dbc6be2059cf55b35d0e5"},
    {file = "django_debug_toolbar-3.5.0-py3-none-any.whl", hash = "sha256:89a52128309eb4da12738801ff0c202d2ff8730d1c3225fac6acf630c303e661"},
]
django-extra-checks = [
    {file = "django-extra-checks-0.11.0.tar.gz", hash = "sha256:61681433f2df8b8932676c216472b7f5554bda0018058d0a0bac89bf377347bd"},
    {file = "django_extra_checks-0.11.0-py3-none-any.whl", hash = "sha256:b1a19c03243d67c380c8af60c1ef837323c21e2fd888e0fd532d1df5f1866ba0"},
]
django-health-check = [
    {file = "django-health-check-3.16.5.tar.gz", hash = "sha256:1edfd49293ccebbce29f9da609c407f307aee240ab799ab4201031341ae78c0f"},
    {file = "django_health_check-3.16.5-py2.py3-none-any.whl", hash = "sha256:8d66781a0ea82b1a8b44878187b38a27370e94f18287312e39be0593e72d8983"},
]
django-http-referrer-policy = [
    {file = "django-http-referrer-policy-1.1.1.tar.gz", hash = "sha256:917f5ed62054b27eff3172b7eccfb018469e85ddd538767328553282a70493c3"},
    {file = "django_http_referrer_policy-1.1.1-py2.py3-none-any.whl", hash = "sha256:7617d1256f1ab80c1a12bffdd8c8d24b94093eb1e21d035e2aa6d7d3c5ac999e"},
]
django-ipware = [
    {file = "django-ipware-4.0.2.tar.gz", hash = "sha256:602a58325a4808bd19197fef2676a0b2da2df40d0ecf21be414b2ff48c72ad05"},
    {file = "django_ipware-4.0.2-py2.py3-none-any.whl", hash = "sha256:878dbb06a87e25550798e9ef3204ed70a200dd8b15e47dcef848cf08244f04c9"},
]
django-migration-linter = [
    {file = "django-migration-linter-4.1.0.tar.gz", hash = "sha256:418f5ecee833576b79da213e4fc11f56f36e65ea190b7e62a3d8217c487b7635"},
    {file = "django_migration_linter-4.1.0-py3-none-any.whl", hash = "sha256:5d47577231d91a6d2c524066a07808d6e36086e1b8d9a52eb14b0d21246cc597"},
]
django-permissions-policy = [
    {file = "django-permissions-policy-4.12.0.tar.gz", hash = "sha256:1f10fc354110fef9270fbabbbf8d5358a6d6f5380c79f0dfba56dd41e45b1936"},
    {file = "django_permissions_policy-4.12.0-py3-none-any.whl", hash = "sha256:88ee9cb345898414a6ad3f2eb0d8284c67decdfc43c6fc5331531b7c39809d8c"},
]
django-querycount = [
    {file = "django-querycount-0.7.0.tar.gz", hash = "sha256:8f5123d78716ff0704f2373e746a7200b8d8417798ce4a99bf2de87e3768f9ce"},
]
django-split-settings = [
    {file = "django-split-settings-1.1.0.tar.gz", hash = "sha256:6b3aed89667a95525152026eab93a9f038ff22df6883006318b8b4a3d0ca6888"},
    {file = "django_split_settings-1.1.0-py3-none-any.whl", hash = "sha256:5d97ae64cf9ed14a831722d82ac725944667ac8c08307b7cfd22e91367b411d0"},
]
django-test-migrations = [
    {file = "django-test-migrations-1.2.0.tar.gz", hash = "sha256:874884ff4e980583cd9f1c986bb9fbfe72b436e759be23004e4f52c26a15f363"},
    {file = "django_test_migrations-1.2.0-py3-none-any.whl", hash = "sha256:9e8b9b4364fef70dde10a5f85c5a75d447ca2189ec648325610fab1268daec97"},
]
gunicorn = [
    {file = "gunicorn-20.1.0-py3-none-any.whl", hash = "sha256:9dcc4547dbb1cb284accfb15ab5667a0e5d1881cc443e0677b4882a4067a807e"},
    {file = "gunicorn-20.1.0.tar.gz", hash = "sha256:e0a968b5ba15f8a328fdfd7ab1fcb5af4470c28aaf7e55df02a99bc13138e6e8"},
]
iniconfig = [
    {file = "iniconfig-1.1.1-py2.py3-none-any.whl", hash = "sha256:011e24c64b7f47f6ebd835bb12a743f2fbe9a26d4cecaa7f53bc4f35ee9da8b3"},
    {file = "iniconfig-1.1.1.tar.gz", hash = "sha256:bc3af051d7d14b2ee5ef9969666def0cd1a000e121eaea580d4a313df4b37f32"},
]
mypy = [
    {file = "mypy-0.961-cp310-cp310-macosx_10_9_universal2.whl", hash = "sha256:697540876638ce349b01b6786bc6094ccdaba88af446a9abb967293ce6eaa2b0"},
    {file = "mypy-0.961-cp310-cp310-macosx_10_9_x86_64.whl", hash = "sha256:b117650592e1782819829605a193360a08aa99f1fc23d1d71e1a75a142dc7e15"},
    {file = "mypy-0.961-cp310-cp310-macosx_11_0_arm64.whl", hash = "sha256:bdd5ca340beffb8c44cb9dc26697628d1b88c6bddf5c2f6eb308c46f269bb6f3"},
    {file = "mypy-0.961-cp310-cp310-manylinux_2_5_x86_64.manylinux1_x86_64.manylinux_2_12_x86_64.manylinux2010_x86_64.whl", hash = "sha256:3e09f1f983a71d0672bbc97ae33ee3709d10c779beb613febc36805a6e28bb4e"},
    {file = "mypy-0.961-cp310-cp310-win_amd64.whl", hash = "sha256:e999229b9f3198c0c880d5e269f9f8129c8862451ce53a011326cad38b9ccd24"},
    {file = "mypy-0.961-cp36-cp36m-macosx_10_9_x86_64.whl", hash = "sha256:b24be97351084b11582fef18d79004b3e4db572219deee0212078f7cf6352723"},
    {file = "mypy-0.961-cp36-cp36m-manylinux_2_5_x86_64.manylinux1_x86_64.manylinux_2_12_x86_64.manylinux2010_x86_64.whl", hash = "sha256:f4a21d01fc0ba4e31d82f0fff195682e29f9401a8bdb7173891070eb260aeb3b"},
    {file = "mypy-0.961-cp36-cp36m-win_amd64.whl", hash = "sha256:439c726a3b3da7ca84a0199a8ab444cd8896d95012c4a6c4a0d808e3147abf5d"},
    {file = "mypy-0.961-cp37-cp37m-macosx_10_9_x86_64.whl", hash = "sha256:5a0b53747f713f490affdceef835d8f0cb7285187a6a44c33821b6d1f46ed813"},
    {file = "mypy-0.961-cp37-cp37m-manylinux_2_5_x86_64.manylinux1_x86_64.manylinux_2_12_x86_64.manylinux2010_x86_64.whl", hash = "sha256:0e9f70df36405c25cc530a86eeda1e0867863d9471fe76d1273c783df3d35c2e"},
    {file = "mypy-0.961-cp37-cp37m-win_amd64.whl", hash = "sha256:b88f784e9e35dcaa075519096dc947a388319cb86811b6af621e3523980f1c8a"},
    {file = "mypy-0.961-cp38-cp38-macosx_10_9_universal2.whl", hash = "sha256:d5aaf1edaa7692490f72bdb9fbd941fbf2e201713523bdb3f4038be0af8846c6"},
    {file = "mypy-0.961-cp38-cp38-macosx_10_9_x86_64.whl", hash = "sha256:9f5f5a74085d9a81a1f9c78081d60a0040c3efb3f28e5c9912b900adf59a16e6"},
    {file = "mypy-0.961-cp38-cp38-macosx_11_0_arm64.whl", hash = "sha256:f4b794db44168a4fc886e3450201365c9526a522c46ba089b55e1f11c163750d"},
    {file = "mypy-0.961-cp38-cp38-manylinux_2_5_x86_64.manylinux1_x86_64.manylinux_2_12_x86_64.manylinux2010_x86_64.whl", hash = "sha256:64759a273d590040a592e0f4186539858c948302c653c2eac840c7a3cd29e51b"},
    {file = "mypy-0.961-cp38-cp38-win_amd64.whl", hash = "sha256:63e85a03770ebf403291ec50097954cc5caf2a9205c888ce3a61bd3f82e17569"},
    {file = "mypy-0.961-cp39-cp39-macosx_10_9_universal2.whl", hash = "sha256:5f1332964963d4832a94bebc10f13d3279be3ce8f6c64da563d6ee6e2eeda932"},
    {file = "mypy-0.961-cp39-cp39-macosx_10_9_x86_64.whl", hash = "sha256:006be38474216b833eca29ff6b73e143386f352e10e9c2fbe76aa8549e5554f5"},
    {file = "mypy-0.961-cp39-cp39-macosx_11_0_arm64.whl", hash = "sha256:9940e6916ed9371809b35b2154baf1f684acba935cd09928952310fbddaba648"},
    {file = "mypy-0.961-cp39-cp39-manylinux_2_5_x86_64.manylinux1_x86_64.manylinux_2_12_x86_64.manylinux2010_x86_64.whl", hash = "sha256:a5ea0875a049de1b63b972456542f04643daf320d27dc592d7c3d9cd5d9bf950"},
    {file = "mypy-0.961-cp39-cp39-win_amd64.whl", hash = "sha256:1ece702f29270ec6af25db8cf6185c04c02311c6bb21a69f423d40e527b75c56"},
    {file = "mypy-0.961-py3-none-any.whl", hash = "sha256:03c6cc893e7563e7b2949b969e63f02c000b32502a1b4d1314cabe391aa87d66"},
    {file = "mypy-0.961.tar.gz", hash = "sha256:f730d56cb924d371c26b8eaddeea3cc07d78ff51c521c6d04899ac6904b75492"},
]
mypy-extensions = [
    {file = "mypy_extensions-0.4.3-py2.py3-none-any.whl", hash = "sha256:090fedd75945a69ae91ce1303b5824f428daf5a028d2f6ab8a299250a846f15d"},
    {file = "mypy_extensions-0.4.3.tar.gz", hash = "sha256:2d82818f5bb3e369420cb3c4060a7970edba416647068eb4c5343488a6c604a8"},
]
nplusone = [
    {file = "nplusone-1.0.0-py2.py3-none-any.whl", hash = "sha256:96b1e6e29e6af3e71b67d0cc012a5ec8c97c6a2f5399f4ba41a2bbe0e253a9ac"},
    {file = "nplusone-1.0.0.tar.gz", hash = "sha256:1726c0a10c0aa7eabb04e24db2882ff97b6b7ee29d729a8d97dcbd12ef5a5651"},
]
packaging = [
    {file = "packaging-21.3-py3-none-any.whl", hash = "sha256:ef103e05f519cdc783ae24ea4e2e0f508a9c99b2d4969652eed6a2e1ea5bd522"},
    {file = "packaging-21.3.tar.gz", hash = "sha256:dd47c42927d89ab911e606518907cc2d3a1f38bbd026385970643f9c5b8ecfeb"},
]
pluggy = [
    {file = "pluggy-1.0.0-py2.py3-none-any.whl", hash = "sha256:74134bbf457f031a36d68416e1509f34bd5ccc019f0bcc952c7b909d06b37bd3"},
    {file = "pluggy-1.0.0.tar.gz", hash = "sha256:4224373bacce55f955a878bf9cfa763c1e360858e330072059e10bad68531159"},
]
psycopg2 = [
    {file = "psycopg2-2.9.3-cp310-cp310-win32.whl", hash = "sha256:083707a696e5e1c330af2508d8fab36f9700b26621ccbcb538abe22e15485362"},
    {file = "psycopg2-2.9.3-cp310-cp310-win_amd64.whl", hash = "sha256:d3ca6421b942f60c008f81a3541e8faf6865a28d5a9b48544b0ee4f40cac7fca"},
    {file = "psycopg2-2.9.3-cp36-cp36m-win32.whl", hash = "sha256:9572e08b50aed176ef6d66f15a21d823bb6f6d23152d35e8451d7d2d18fdac56"},
    {file = "psycopg2-2.9.3-cp36-cp36m-win_amd64.whl", hash = "sha256:a81e3866f99382dfe8c15a151f1ca5fde5815fde879348fe5a9884a7c092a305"},
    {file = "psycopg2-2.9.3-cp37-cp37m-win32.whl", hash = "sha256:cb10d44e6694d763fa1078a26f7f6137d69f555a78ec85dc2ef716c37447e4b2"},
    {file = "psycopg2-2.9.3-cp37-cp37m-win_amd64.whl", hash = "sha256:4295093a6ae3434d33ec6baab4ca5512a5082cc43c0505293087b8a46d108461"},
    {file = "psycopg2-2.9.3-cp38-cp38-win32.whl", hash = "sha256:34b33e0162cfcaad151f249c2649fd1030010c16f4bbc40a604c1cb77173dcf7"},
    {file = "psycopg2-2.9.3-cp38-cp38-win_amd64.whl", hash = "sha256:0762c27d018edbcb2d34d51596e4346c983bd27c330218c56c4dc25ef7e819bf"},
    {file = "psycopg2-2.9.3-cp39-cp39-win32.whl", hash = "sha256:8cf3878353cc04b053822896bc4922b194792df9df2f1ad8da01fb3043602126"},
    {file = "psycopg2-2.9.3-cp39-cp39-win_amd64.whl", hash = "sha256:06f32425949bd5fe8f625c49f17ebb9784e1e4fe928b7cce72edc36fb68e4c0c"},
    {file = "psycopg2-2.9.3.tar.gz", hash = "sha256:8e841d1bf3434da985cc5ef13e6f75c8981ced601fd70cc6bf33351b91562981"},
]
py = [
    {file = "py-1.11.0-py2.py3-none-any.whl", hash = "sha256:607c53218732647dff4acdfcd50cb62615cedf612e72d1724fb1a0cc6405b378"},
    {file = "py-1.11.0.tar.gz", hash = "sha256:51c75c4126074b472f746a24399ad32f6053d1b34b68d2fa41e558e6f4a98719"},
]
pyparsing = [
    {file = "pyparsing-3.0.9-py3-none-any.whl", hash = "sha256:5026bae9a10eeaefb61dab2f09052b9f4307d44aee4eda64b309723d8d206bbc"},
    {file = "pyparsing-3.0.9.tar.gz", hash = "sha256:2b020ecf7d21b687f219b71ecad3631f644a47f01403fa1d1036b0c6416d70fb"},
]
pytest = [
    {file = "pytest-7.1.2-py3-none-any.whl", hash = "sha256:13d0e3ccfc2b6e26be000cb6568c832ba67ba32e719443bfe725814d3c42433c"},
    {file = "pytest-7.1.2.tar.gz", hash = "sha256:a06a0425453864a270bc45e71f783330a7428defb4230fb5e6a731fde06ecd45"},
]
pytest-django = [
    {file = "pytest-django-4.5.2.tar.gz", hash = "sha256:d9076f759bb7c36939dbdd5ae6633c18edfc2902d1a69fdbefd2426b970ce6c2"},
    {file = "pytest_django-4.5.2-py3-none-any.whl", hash = "sha256:c60834861933773109334fe5a53e83d1ef4828f2203a1d6a0fa9972f4f75ab3e"},
]
python-decouple = [
    {file = "python-decouple-3.6.tar.gz", hash = "sha256:2838cdf77a5cf127d7e8b339ce14c25bceb3af3e674e039d4901ba16359968c7"},
    {file = "python_decouple-3.6-py3-none-any.whl", hash = "sha256:6cf502dc963a5c642ea5ead069847df3d916a6420cad5599185de6bab11d8c2e"},
]
six = [
    {file = "six-1.16.0-py2.py3-none-any.whl", hash = "sha256:8abb2f1d86890a2dfb989f9a77cfcfd3e47c2a354b01111771326f8aa26e0254"},
    {file = "six-1.16.0.tar.gz", hash = "sha256:1e61c37477a1626458e36f7b1d82aa5c9b094fa4802892072e49de9c60c4c926"},
]
sqlparse = []
structlog = [
    {file = "structlog-21.5.0-py3-none-any.whl", hash = "sha256:fd7922e195262b337da85c2a91c84be94ccab1f8fd1957bd6986f6904e3761c8"},
    {file = "structlog-21.5.0.tar.gz", hash = "sha256:68c4c29c003714fe86834f347cb107452847ba52414390a7ee583472bde00fc9"},
]
toml = [
    {file = "toml-0.10.2-py2.py3-none-any.whl", hash = "sha256:806143ae5bfb6a3c6e736a764057db0e6a0e05e338b5630894a5f779cabb4f9b"},
    {file = "toml-0.10.2.tar.gz", hash = "sha256:b3bda1d108d5dd99f4a20d24d9c348e91c4db7ab1b749200bded2f839ccbe68f"},
]
tomli = [
    {file = "tomli-2.0.1-py3-none-any.whl", hash = "sha256:939de3e7a6161af0c887ef91b7d41a53e7c5a1ca976325f429cb46ea9bc30ecc"},
    {file = "tomli-2.0.1.tar.gz", hash = "sha256:de526c12914f0c550d15924c62d72abc48d6fe7364aa87328337a31007fe8a4f"},
]
typing-extensions = [
    {file = "typing_extensions-4.3.0-py3-none-any.whl", hash = "sha256:25642c956049920a5aa49edcdd6ab1e06d7e5d467fc00e0506c44ac86fbfca02"},
    {file = "typing_extensions-4.3.0.tar.gz", hash = "sha256:e6d2677a32f47fc7eb2795db1dd15c1f34eff616bcaf2cfb5e997f854fa1c4a6"},
]
tzdata = []
